{
  "requires": true,
  "lockfileVersion": 1,
  "dependencies": {
    "tinymce": {
      "version": "5.7.1",
      "resolved": "https://registry.npm.taobao.org/tinymce/download/tinymce-5.7.1.tgz?cache=0&sync_timestamp=1615946915485&other_urls=https%3A%2F%2Fregistry.npm.taobao.org%2Ftinymce%2Fdownload%2Ftinymce-5.7.1.tgz",
      "integrity": "sha1-ZYpvtMfVOoSWzAD42jP0uCkNoG0="
    }
  }
}
